{
  "version": 4,
  "terraform_version": "0.12.24",
  "serial": 3,
  "lineage": "1c109899-d7b9-5cd8-0541-df5bc73646fc",
  "outputs": {},
  "resources": [
    {
      "mode": "managed",
      "type": "google_container_cluster",
      "name": "gcp_kubernetes",
      "provider": "provider.google",
      "instances": [
        {
          "schema_version": 1,
          "attributes": {
            "additional_zones": null,
            "addons_config": [
              {
                "horizontal_pod_autoscaling": [],
                "http_load_balancing": [],
                "kubernetes_dashboard": [],
                "network_policy_config": [
                  {
                    "disabled": true
                  }
                ]
              }
            ],
            "authenticator_groups_config": [],
            "cluster_autoscaling": [
              {
                "auto_provisioning_defaults": [],
                "enabled": false,
                "resource_limits": []
              }
            ],
            "cluster_ipv4_cidr": "10.8.0.0/14",
            "default_max_pods_per_node": null,
            "description": "",
            "enable_binary_authorization": null,
            "enable_intranode_visibility": null,
            "enable_kubernetes_alpha": false,
            "enable_legacy_abac": false,
            "enable_tpu": null,
            "endpoint": "34.67.9.254",
            "id": "projects/playground-s-11-3e966811/locations/us-central1-c/clusters/mygke-cluster",
            "initial_node_count": 3,
            "instance_group_urls": [
              "https://www.googleapis.com/compute/v1/projects/playground-s-11-3e966811/zones/us-central1-c/instanceGroups/gke-mygke-cluster-default-pool-481d49a3-grp"
            ],
            "ip_allocation_policy": [],
            "location": "us-central1-c",
            "logging_service": "logging.googleapis.com/kubernetes",
            "maintenance_policy": [],
            "master_auth": [
              {
                "client_certificate": "",
                "client_certificate_config": [
                  {
                    "issue_client_certificate": false
                  }
                ],
                "client_key": "",
                "cluster_ca_certificate": "LS0tLS1CRUdJTiBDRVJUSUZJQ0FURS0tLS0tCk1JSURLekNDQWhPZ0F3SUJBZ0lSQUtaam53WE1IdjM5VTBnQ2tiR2FOeGt3RFFZSktvWklodmNOQVFFTEJRQXcKTHpFdE1Dc0dBMVVFQXhNa016QmhOVGhqTmpRdFlUQTFOeTAwTUdabUxXRTJZVGN0TlRJek1tVTRPVGN5WkdVeQpNQjRYRFRJd01EZ3lNakE0TXpJeU9Wb1hEVEkxTURneU1UQTVNekl5T1Zvd0x6RXRNQ3NHQTFVRUF4TWtNekJoCk5UaGpOalF0WVRBMU55MDBNR1ptTFdFMllUY3ROVEl6TW1VNE9UY3laR1V5TUlJQklqQU5CZ2txaGtpRzl3MEIKQVFFRkFBT0NBUThBTUlJQkNnS0NBUUVBMmFWL2dWZ09uYjViNTQ1eGRVSmFiWmFQbFlRT0dLcjZESURqdjdzbgo1UVo0Q2FyRjI5aWF2dGRHVHN6U2FNNk1XTERPdzBzb1dUTituQmlvU3NMVUVRc1ZmcmtYb2l0L09xY0w0aEQ1CnFpUUVNSXhQeHNhZTF5MUYwMG41SlhMVVRkbUxOeHNSbDQvMkNzRnM2NGNmMHdwQmxVOHg0QjhhaU1VL2xvUWkKMjhsK3hmZXFZVE1zZ0VBRTVjNFgzWXdoMk9JeVJUV09uZ0QvVzcxTy8zNTJWOFlYcVBGWE5iNGg2VGR3cUltNApFcUVISzR6UDYzUDdsbmhSeThFekR2MjFUS3pRTjd0dXVvYVN4eFg3dFBtekVIWG9tM1d5NEdCOFpJMXFvY3ZHCjRSY2pSK1NFbGNsWm5FVDhGdkZIcFY5U1daaGFPWW53Ly9LL3JiSnZicSthUlFJREFRQUJvMEl3UURBT0JnTlYKSFE4QkFmOEVCQU1DQWdRd0R3WURWUjBUQVFIL0JBVXdBd0VCL3pBZEJnTlZIUTRFRmdRVU1DT2xSemdienZGUApzWmxid3JMN24vQ2hjZFl3RFFZSktvWklodmNOQVFFTEJRQURnZ0VCQUU5Wm1LUVlnanJlRmlhMjdOMWdNdVhzCjNKUFZQNkt0RVdaVnpuMmtmN21vMEZKS29hSElxenZiU2JmTDRPcHhjb0U3MG1OVEZMZ2JiVUJjbUZyd1hhNnkKZ1c1RjZXSHVXbkVDUEtRRzlqQ3lHSnVDV2h4ZVRFOFJxUjNzemh6ZTNyWWdrM1pzMjl0bmE3OXpuRU1jT2JLbwpOeFZuV0ZVS0FzSlJsaVkzcUgvQm1yallWY1VCVjVqY1UxV1ZsYUphRjdZeTBuYnBmQ3hJb2d0TkZYUlRwVDBnCms0WGxaYVU0TnNsZFhGbTc1cVY1RDMyQ0hscnNoSmlrRUJGbzY0Uno0TVlTUnJKb2JkWmNYMVpjRUxVZnJZeXIKZVcrcDJ5T0dXb1NtUnFYV2NZVk1OOTVFRmo3UmhSdW02S0lmd01CMjJjcm1qUzg3U1grZ3ZnS28xc21xQXJJPQotLS0tLUVORCBDRVJUSUZJQ0FURS0tLS0tCg==",
                "password": "Iamgoogle12345678}",
                "username": "gke"
              }
            ],
            "master_authorized_networks_config": [],
            "master_version": "1.15.12-gke.2",
            "min_master_version": null,
            "monitoring_service": "monitoring.googleapis.com/kubernetes",
            "name": "mygke-cluster",
            "network": "projects/playground-s-11-3e966811/global/networks/default",
            "network_policy": [
              {
                "enabled": false,
                "provider": "PROVIDER_UNSPECIFIED"
              }
            ],
            "node_config": [
              {
                "disk_size_gb": 100,
                "disk_type": "pd-standard",
                "guest_accelerator": [],
                "image_type": "COS",
                "labels": {},
                "local_ssd_count": 0,
                "machine_type": "n1-standard-1",
                "metadata": {
                  "disable-legacy-endpoints": "true"
                },
                "min_cpu_platform": "",
                "oauth_scopes": [
                  "https://www.googleapis.com/auth/compute",
                  "https://www.googleapis.com/auth/devstorage.read_only",
                  "https://www.googleapis.com/auth/logging.write",
                  "https://www.googleapis.com/auth/monitoring"
                ],
                "preemptible": false,
                "sandbox_config": [],
                "service_account": "default",
                "shielded_instance_config": [
                  {
                    "enable_integrity_monitoring": true,
                    "enable_secure_boot": false
                  }
                ],
                "tags": null,
                "taint": [],
                "workload_metadata_config": []
              }
            ],
            "node_locations": [],
            "node_pool": [
              {
                "autoscaling": [],
                "initial_node_count": 3,
                "instance_group_urls": [
                  "https://www.googleapis.com/compute/v1/projects/playground-s-11-3e966811/zones/us-central1-c/instanceGroupManagers/gke-mygke-cluster-default-pool-481d49a3-grp"
                ],
                "management": [
                  {
                    "auto_repair": true,
                    "auto_upgrade": true
                  }
                ],
                "max_pods_per_node": 0,
                "name": "default-pool",
                "name_prefix": "",
                "node_config": [
                  {
                    "disk_size_gb": 100,
                    "disk_type": "pd-standard",
                    "guest_accelerator": [],
                    "image_type": "COS",
                    "labels": {},
                    "local_ssd_count": 0,
                    "machine_type": "n1-standard-1",
                    "metadata": {
                      "disable-legacy-endpoints": "true"
                    },
                    "min_cpu_platform": "",
                    "oauth_scopes": [
                      "https://www.googleapis.com/auth/compute",
                      "https://www.googleapis.com/auth/devstorage.read_only",
                      "https://www.googleapis.com/auth/logging.write",
                      "https://www.googleapis.com/auth/monitoring"
                    ],
                    "preemptible": false,
                    "sandbox_config": [],
                    "service_account": "default",
                    "shielded_instance_config": [
                      {
                        "enable_integrity_monitoring": true,
                        "enable_secure_boot": false
                      }
                    ],
                    "tags": [],
                    "taint": [],
                    "workload_metadata_config": []
                  }
                ],
                "node_count": 3,
                "version": "1.15.12-gke.2"
              }
            ],
            "node_version": "1.15.12-gke.2",
            "pod_security_policy_config": [],
            "private_cluster_config": [],
            "project": "playground-s-11-3e966811",
            "region": null,
            "remove_default_node_pool": null,
            "resource_labels": null,
            "services_ipv4_cidr": "10.11.240.0/20",
            "subnetwork": "projects/playground-s-11-3e966811/regions/us-central1/subnetworks/default",
            "timeouts": null,
            "vertical_pod_autoscaling": [],
            "zone": null
          },
          "private": "eyJlMmJmYjczMC1lY2FhLTExZTYtOGY4OC0zNDM2M2JjN2M0YzAiOnsiY3JlYXRlIjoyNDAwMDAwMDAwMDAwLCJkZWxldGUiOjI0MDAwMDAwMDAwMDAsInVwZGF0ZSI6MzYwMDAwMDAwMDAwMH0sInNjaGVtYV92ZXJzaW9uIjoiMSJ9"
        }
      ]
    }
  ]
}
