{
  "version": 4,
  "terraform_version": "0.12.24",
  "serial": 5,
  "lineage": "c51272f6-70b1-b4f1-740c-978b61975b29",
  "outputs": {},
  "resources": [
    {
      "mode": "managed",
      "type": "google_container_cluster",
      "name": "gcp_kubernetes",
      "provider": "provider.google",
      "instances": [
        {
          "schema_version": 1,
          "attributes": {
            "additional_zones": null,
            "addons_config": [
              {
                "horizontal_pod_autoscaling": [],
                "http_load_balancing": [],
                "kubernetes_dashboard": [],
                "network_policy_config": [
                  {
                    "disabled": true
                  }
                ]
              }
            ],
            "authenticator_groups_config": [],
            "cluster_autoscaling": [
              {
                "auto_provisioning_defaults": [],
                "enabled": false,
                "resource_limits": []
              }
            ],
            "cluster_ipv4_cidr": "10.12.0.0/14",
            "default_max_pods_per_node": null,
            "description": "",
            "enable_binary_authorization": null,
            "enable_intranode_visibility": null,
            "enable_kubernetes_alpha": false,
            "enable_legacy_abac": false,
            "enable_tpu": null,
            "endpoint": "35.222.92.59",
            "id": "projects/poc-sed-shared-jetstream-sb/locations/us-central1-c/clusters/mygke-cluster",
            "initial_node_count": 3,
            "instance_group_urls": [
              "https://www.googleapis.com/compute/v1/projects/poc-sed-shared-jetstream-sb/zones/us-central1-c/instanceGroups/gke-mygke-cluster-default-pool-30482f1d-grp"
            ],
            "ip_allocation_policy": [],
            "location": "us-central1-c",
            "logging_service": "logging.googleapis.com/kubernetes",
            "maintenance_policy": [],
            "master_auth": [
              {
                "client_certificate": "",
                "client_certificate_config": [
                  {
                    "issue_client_certificate": false
                  }
                ],
                "client_key": "",
                "cluster_ca_certificate": "LS0tLS1CRUdJTiBDRVJUSUZJQ0FURS0tLS0tCk1JSURLekNDQWhPZ0F3SUJBZ0lSQUxxeFIrWnN2VG5HeGRpUWIrOXNNQzB3RFFZSktvWklodmNOQVFFTEJRQXcKTHpFdE1Dc0dBMVVFQXhNa05qUTJNekpsTmpndFlqSm1ZUzAwWWpKa0xUZzJNekF0TURnMU1XTTVNalkwWlRFMwpNQjRYRFRJd01EZ3lNakV4TURFMU5Wb1hEVEkxTURneU1URXlNREUxTlZvd0x6RXRNQ3NHQTFVRUF4TWtOalEyCk16SmxOamd0WWpKbVlTMDBZakprTFRnMk16QXRNRGcxTVdNNU1qWTBaVEUzTUlJQklqQU5CZ2txaGtpRzl3MEIKQVFFRkFBT0NBUThBTUlJQkNnS0NBUUVBeFZndkp5VEpxQVBXejZLSkRHaGdVb1FKVFJSSGVMNExRbjZwQnk4NApuKytDdnNiUE5ZNno4c3RHZjhZVU5KZVE0UFp1MXpMOWdKV2JEck55L3NXanlhUlh3UDlUUW5GWXNwTTRQVk84Cjd2bk5jRUovUy9hamFoWFVBRCtSWEFjOGVOUzl6enZZdmVVUVZiZ3FoM04zZEd0SExzay9XWmRCUzFYMmh6UVMKSzRrblNUK3VKY05PWUF1OWxvbU5kS2plR0duVGxXMVdsS2hLNW54d3hDOHhXbkRBVERKRkdjekNtNXJzZzQxOQo3VmJUaW5ZRlJ0Qyt2UGpIL1NTWE8zUk9SVEY4VlczWng0VTE5NzdRcXhya2pqaGZiUFlDMWRyVm9NR0NEMFBmCm1GdHh2L2syWVh0dldxM2NwbzNNUmtGSHFlN2U3MWlkc2s1QkVIOHFGZEcvVXdJREFRQUJvMEl3UURBT0JnTlYKSFE4QkFmOEVCQU1DQWdRd0R3WURWUjBUQVFIL0JBVXdBd0VCL3pBZEJnTlZIUTRFRmdRVUJkL2pwamJZUVBkSgpMQ1N6dUxjZzNWMk0zVmt3RFFZSktvWklodmNOQVFFTEJRQURnZ0VCQUFmZVE4Q1pPRG5iZEVIT2FCYVAyaUd3Cjl3Q0JVN2pzNnlmRVJhcFhad0Nac3NOMjNBYmRaUkdlbVJRNzgvV0tZSmJ4YWtPMGRtb0p4YWwrWGFJa0NUZ3kKdUh1R3VBd2VpUHdtQWJ2Q21qNkFzdURDRDJMelE5bEJXRVVFRUViSTNzMk8vT3VFYis3RVZPRXdxby9rTlMvMQoySTFVOGVncjFuZnBkS3B4YUJqeDd2N1FROGgvajRqQmFoY3FXZWU0MzlnNmpEMi8rbGc5QTN0Z1ZOdmIxY0s5Cm1mZ2xkTE10aitZMm5RSmFXYzY5RFdZNnFiZmxaS1M1bWFPYlg1TlBqaWtEdUlHZm1MZWpCNjJDRFlKdHhnWUMKd1FqeVFnSFhWMUxCSjFhRG5vVVlxS1B2VExKVXRySENRT21Zc1JGZTZBTjVRWllsNEwxdDBmYXNBZEtDcS9vPQotLS0tLUVORCBDRVJUSUZJQ0FURS0tLS0tCg==",
                "password": "Iamgoogle12345678}",
                "username": "gke"
              }
            ],
            "master_authorized_networks_config": [],
            "master_version": "1.15.12-gke.2",
            "min_master_version": null,
            "monitoring_service": "monitoring.googleapis.com/kubernetes",
            "name": "mygke-cluster",
            "network": "projects/poc-sed-shared-jetstream-sb/global/networks/myvpc-network",
            "network_policy": [
              {
                "enabled": false,
                "provider": "PROVIDER_UNSPECIFIED"
              }
            ],
            "node_config": [
              {
                "disk_size_gb": 100,
                "disk_type": "pd-standard",
                "guest_accelerator": [],
                "image_type": "COS",
                "labels": {},
                "local_ssd_count": 0,
                "machine_type": "e2-standard-8",
                "metadata": {
                  "disable-legacy-endpoints": "true"
                },
                "min_cpu_platform": "",
                "oauth_scopes": [
                  "https://www.googleapis.com/auth/compute",
                  "https://www.googleapis.com/auth/devstorage.read_only",
                  "https://www.googleapis.com/auth/logging.write",
                  "https://www.googleapis.com/auth/monitoring"
                ],
                "preemptible": true,
                "sandbox_config": [],
                "service_account": "default",
                "shielded_instance_config": [
                  {
                    "enable_integrity_monitoring": true,
                    "enable_secure_boot": false
                  }
                ],
                "tags": null,
                "taint": [],
                "workload_metadata_config": []
              }
            ],
            "node_locations": [],
            "node_pool": [
              {
                "autoscaling": [],
                "initial_node_count": 3,
                "instance_group_urls": [
                  "https://www.googleapis.com/compute/v1/projects/poc-sed-shared-jetstream-sb/zones/us-central1-c/instanceGroupManagers/gke-mygke-cluster-default-pool-30482f1d-grp"
                ],
                "management": [
                  {
                    "auto_repair": true,
                    "auto_upgrade": true
                  }
                ],
                "max_pods_per_node": 0,
                "name": "default-pool",
                "name_prefix": "",
                "node_config": [
                  {
                    "disk_size_gb": 100,
                    "disk_type": "pd-standard",
                    "guest_accelerator": [],
                    "image_type": "COS",
                    "labels": {},
                    "local_ssd_count": 0,
                    "machine_type": "e2-standard-8",
                    "metadata": {
                      "disable-legacy-endpoints": "true"
                    },
                    "min_cpu_platform": "",
                    "oauth_scopes": [
                      "https://www.googleapis.com/auth/compute",
                      "https://www.googleapis.com/auth/devstorage.read_only",
                      "https://www.googleapis.com/auth/logging.write",
                      "https://www.googleapis.com/auth/monitoring"
                    ],
                    "preemptible": true,
                    "sandbox_config": [],
                    "service_account": "default",
                    "shielded_instance_config": [
                      {
                        "enable_integrity_monitoring": true,
                        "enable_secure_boot": false
                      }
                    ],
                    "tags": [],
                    "taint": [],
                    "workload_metadata_config": []
                  }
                ],
                "node_count": 3,
                "version": "1.15.12-gke.2"
              }
            ],
            "node_version": "1.15.12-gke.2",
            "pod_security_policy_config": [],
            "private_cluster_config": [],
            "project": "poc-sed-shared-jetstream-sb",
            "region": null,
            "remove_default_node_pool": null,
            "resource_labels": null,
            "services_ipv4_cidr": "10.15.240.0/20",
            "subnetwork": "projects/poc-sed-shared-jetstream-sb/regions/us-central1/subnetworks/subnet-01",
            "timeouts": null,
            "vertical_pod_autoscaling": [],
            "zone": null
          },
          "private": "eyJlMmJmYjczMC1lY2FhLTExZTYtOGY4OC0zNDM2M2JjN2M0YzAiOnsiY3JlYXRlIjoyNDAwMDAwMDAwMDAwLCJkZWxldGUiOjI0MDAwMDAwMDAwMDAsInVwZGF0ZSI6MzYwMDAwMDAwMDAwMH0sInNjaGVtYV92ZXJzaW9uIjoiMSJ9"
        }
      ]
    }
  ]
}
