{
  "version": 4,
  "terraform_version": "0.12.24",
  "serial": 3,
  "lineage": "c51272f6-70b1-b4f1-740c-978b61975b29",
  "outputs": {},
  "resources": [
    {
      "mode": "managed",
      "type": "google_container_cluster",
      "name": "gcp_kubernetes",
      "provider": "provider.google",
      "instances": [
        {
          "schema_version": 1,
          "attributes": {
            "additional_zones": null,
            "addons_config": [
              {
                "horizontal_pod_autoscaling": [],
                "http_load_balancing": [],
                "kubernetes_dashboard": [],
                "network_policy_config": [
                  {
                    "disabled": true
                  }
                ]
              }
            ],
            "authenticator_groups_config": [],
            "cluster_autoscaling": [
              {
                "auto_provisioning_defaults": [],
                "enabled": false,
                "resource_limits": []
              }
            ],
            "cluster_ipv4_cidr": "10.32.0.0/14",
            "default_max_pods_per_node": null,
            "description": "",
            "enable_binary_authorization": null,
            "enable_intranode_visibility": null,
            "enable_kubernetes_alpha": false,
            "enable_legacy_abac": false,
            "enable_tpu": null,
            "endpoint": "34.72.194.219",
            "id": "projects/poc-sed-shared-jetstream-sb/locations/us-central1-c/clusters/mygke-cluster",
            "initial_node_count": 3,
            "instance_group_urls": [
              "https://www.googleapis.com/compute/v1/projects/poc-sed-shared-jetstream-sb/zones/us-central1-c/instanceGroups/gke-mygke-cluster-default-pool-d2f1fc77-grp"
            ],
            "ip_allocation_policy": [],
            "location": "us-central1-c",
            "logging_service": "logging.googleapis.com/kubernetes",
            "maintenance_policy": [],
            "master_auth": [
              {
                "client_certificate": "",
                "client_certificate_config": [
                  {
                    "issue_client_certificate": false
                  }
                ],
                "client_key": "",
                "cluster_ca_certificate": "LS0tLS1CRUdJTiBDRVJUSUZJQ0FURS0tLS0tCk1JSURLakNDQWhLZ0F3SUJBZ0lRUXRzSkVablllTUN6eDNCb0RTY1hsekFOQmdrcWhraUc5dzBCQVFzRkFEQXYKTVMwd0t3WURWUVFERXlRNE5ERTJZekF4T0MweU9EQmpMVFE1T0RJdE9UZGtPQzFsWTJReE5tVXlNMk5qTkRNdwpIaGNOTWpBd09ESXlNVEExTkRJNFdoY05NalV3T0RJeE1URTFOREk0V2pBdk1TMHdLd1lEVlFRREV5UTROREUyCll6QXhPQzB5T0RCakxUUTVPREl0T1Rka09DMWxZMlF4Tm1VeU0yTmpORE13Z2dFaU1BMEdDU3FHU0liM0RRRUIKQVFVQUE0SUJEd0F3Z2dFS0FvSUJBUURCcVREbmJNVDBjRXRnMUh2K3U3NTNvVUdzMy9aSldldC9Lbzc3U2FrdApmOGphb3Z1ZzVzbTIydW1BU3NPZXMydVFrNi9QVm1vUU9ObUZmSEV1ZFgwOUxKUkRRR01EUDc4MjUvTG9SekdzClpmbDV6R2tteXMxa01Vb3JrRDdSVGVuQTJRR0pWY1pFRG5ZMHg2dTEvNUVkVHBSU01OdFhTdmZWQS9CeWZxYjkKSjNIdTRmc3dWN3BQK3R5ZzFzQ2w2L3BlTVRrSVgyOUptcWhBbXE0YVRlVFY4RmV2RHBpYXdHNFlGaWNvdnRMRQpsOTRJNjg2UTFsbCtPbUsxTGZUZDluajVqaGRnUmt2SkljdnRwUWltUzVVZ0MyRHVJaThFUjl3enlrc2ZqaytICkZCdnRuVVdmRFY1Q25IM1J6d2huaWJTNVYrZ1V3Y3NpNlEvendMcHhYMlhwQWdNQkFBR2pRakJBTUE0R0ExVWQKRHdFQi93UUVBd0lDQkRBUEJnTlZIUk1CQWY4RUJUQURBUUgvTUIwR0ExVWREZ1FXQkJUcGxWOWI3aStKOGRESApBd1RRNnUzODhOdUsvVEFOQmdrcWhraUc5dzBCQVFzRkFBT0NBUUVBc083WVFIUDZzczNNTHNnaytleDcwSlVlCm9oT05WakpwWEJyQWRlL2g2QUJBY2R3NFFPQ2NvOERuajZpZVl3ME5lQzBnYUVGdVZteVJIREtWUEp3U3BLRm8KMDArWmNoMVZRWXRwVHh5R3NZSTY0ZkZUOHBZc0RlbXQvTFBOTDlkeHJwbEg4NElHcFRBMk5iM3FEMWdpQVVJYgpLYzJsbmVaSTJvQWhCZ0ZEaDFJSkY3SjVDdmNIeXJlOThNaU1yVjlhSlRiZlcxV1lrdmZ0MjBGZTNIUi9USUgrCjl5RkJpQzhRcXZMUkFraFZ0K3Q1cVpQc1lLcThDRTBvTXhJenE2RUl3RFFNWWlVb3BWdi9rSUdSRW11KzJBV2gKWGJkajNYOEVoa3pTMWF2eFJET2UzckNBVVdyeW5uWkkxTmZPK0hydjFqYkpUS3l6cVliaFA0aEJnUm9sR1E9PQotLS0tLUVORCBDRVJUSUZJQ0FURS0tLS0tCg==",
                "password": "Iamgoogle12345678}",
                "username": "gke"
              }
            ],
            "master_authorized_networks_config": [],
            "master_version": "1.15.12-gke.2",
            "min_master_version": null,
            "monitoring_service": "monitoring.googleapis.com/kubernetes",
            "name": "mygke-cluster",
            "network": "projects/poc-sed-shared-jetstream-sb/global/networks/default",
            "network_policy": [
              {
                "enabled": false,
                "provider": "PROVIDER_UNSPECIFIED"
              }
            ],
            "node_config": [
              {
                "disk_size_gb": 100,
                "disk_type": "pd-standard",
                "guest_accelerator": [],
                "image_type": "COS",
                "labels": {},
                "local_ssd_count": 0,
                "machine_type": "e2-standard-8",
                "metadata": {
                  "disable-legacy-endpoints": "true"
                },
                "min_cpu_platform": "",
                "oauth_scopes": [
                  "https://www.googleapis.com/auth/compute",
                  "https://www.googleapis.com/auth/devstorage.read_only",
                  "https://www.googleapis.com/auth/logging.write",
                  "https://www.googleapis.com/auth/monitoring"
                ],
                "preemptible": true,
                "sandbox_config": [],
                "service_account": "default",
                "shielded_instance_config": [
                  {
                    "enable_integrity_monitoring": true,
                    "enable_secure_boot": false
                  }
                ],
                "tags": null,
                "taint": [],
                "workload_metadata_config": []
              }
            ],
            "node_locations": [],
            "node_pool": [
              {
                "autoscaling": [],
                "initial_node_count": 3,
                "instance_group_urls": [
                  "https://www.googleapis.com/compute/v1/projects/poc-sed-shared-jetstream-sb/zones/us-central1-c/instanceGroupManagers/gke-mygke-cluster-default-pool-d2f1fc77-grp"
                ],
                "management": [
                  {
                    "auto_repair": true,
                    "auto_upgrade": true
                  }
                ],
                "max_pods_per_node": 0,
                "name": "default-pool",
                "name_prefix": "",
                "node_config": [
                  {
                    "disk_size_gb": 100,
                    "disk_type": "pd-standard",
                    "guest_accelerator": [],
                    "image_type": "COS",
                    "labels": {},
                    "local_ssd_count": 0,
                    "machine_type": "e2-standard-8",
                    "metadata": {
                      "disable-legacy-endpoints": "true"
                    },
                    "min_cpu_platform": "",
                    "oauth_scopes": [
                      "https://www.googleapis.com/auth/compute",
                      "https://www.googleapis.com/auth/devstorage.read_only",
                      "https://www.googleapis.com/auth/logging.write",
                      "https://www.googleapis.com/auth/monitoring"
                    ],
                    "preemptible": true,
                    "sandbox_config": [],
                    "service_account": "default",
                    "shielded_instance_config": [
                      {
                        "enable_integrity_monitoring": true,
                        "enable_secure_boot": false
                      }
                    ],
                    "tags": [],
                    "taint": [],
                    "workload_metadata_config": []
                  }
                ],
                "node_count": 3,
                "version": "1.15.12-gke.2"
              }
            ],
            "node_version": "1.15.12-gke.2",
            "pod_security_policy_config": [],
            "private_cluster_config": [],
            "project": "poc-sed-shared-jetstream-sb",
            "region": null,
            "remove_default_node_pool": null,
            "resource_labels": null,
            "services_ipv4_cidr": "10.35.240.0/20",
            "subnetwork": "projects/poc-sed-shared-jetstream-sb/regions/us-central1/subnetworks/default",
            "timeouts": null,
            "vertical_pod_autoscaling": [],
            "zone": null
          },
          "private": "eyJlMmJmYjczMC1lY2FhLTExZTYtOGY4OC0zNDM2M2JjN2M0YzAiOnsiY3JlYXRlIjoyNDAwMDAwMDAwMDAwLCJkZWxldGUiOjI0MDAwMDAwMDAwMDAsInVwZGF0ZSI6MzYwMDAwMDAwMDAwMH0sInNjaGVtYV92ZXJzaW9uIjoiMSJ9"
        }
      ]
    }
  ]
}
